
Microsoft Visual Studio Solution File, Format Version 12.00
# Visual Studio Version 16
VisualStudioVersion = 16.0.31112.23
MinimumVisualStudioVersion = 10.0.40219.1
Project("{9A19103F-16F7-4668-BE54-9A1E7A4F7556}") = "Ecommerce.UI", "Ecommerce.UI\Ecommerce.UI.csproj", "{FEC99652-4883-4F5F-B7B8-D58B961087D7}"
EndProject
Project("{9A19103F-16F7-4668-BE54-9A1E7A4F7556}") = "Ecommerce.BLL", "Ecommerce.BLL\Ecommerce.BLL.csproj", "{F05EE5B9-68A6-4884-8D71-489E2EBBEAAC}"
EndProject
Project("{9A19103F-16F7-4668-BE54-9A1E7A4F7556}") = "Ecommerce.Data", "Ecommerce.Data\Ecommerce.Data.csproj", "{2020DDB0-45CB-47A9-A9DF-566A0AAE308E}"
EndProject
Project("{9A19103F-16F7-4668-BE54-9A1E7A4F7556}") = "Ecommerce.Entity", "Ecommerce.Entity\Ecommerce.Entity.csproj", "{257C8DCD-607C-4BB2-948D-5D808523A31F}"
EndProject
Project("{FAE04EC0-301F-11D3-BF4B-00C04F79EFBC}") = "Ecommerce.Receiver", "Ecommerce.Receiver\Ecommerce.Receiver.csproj", "{58BCE57F-C2B5-4FD5-B11E-333CF01903CD}"
EndProject
Global
	GlobalSection(SolutionConfigurationPlatforms) = preSolution
		Debug|Any CPU = Debug|Any CPU
		Release|Any CPU = Release|Any CPU
	EndGlobalSection
	GlobalSection(ProjectConfigurationPlatforms) = postSolution
		{FEC99652-4883-4F5F-B7B8-D58B961087D7}.Debug|Any CPU.ActiveCfg = Debug|Any CPU
		{FEC99652-4883-4F5F-B7B8-D58B961087D7}.Debug|Any CPU.Build.0 = Debug|Any CPU
		{FEC99652-4883-4F5F-B7B8-D58B961087D7}.Release|Any CPU.ActiveCfg = Release|Any CPU
		{FEC99652-4883-4F5F-B7B8-D58B961087D7}.Release|Any CPU.Build.0 = Release|Any CPU
		{F05EE5B9-68A6-4884-8D71-489E2EBBEAAC}.Debug|Any CPU.ActiveCfg = Debug|Any CPU
		{F05EE5B9-68A6-4884-8D71-489E2EBBEAAC}.Debug|Any CPU.Build.0 = Debug|Any CPU
		{F05EE5B9-68A6-4884-8D71-489E2EBBEAAC}.Release|Any CPU.ActiveCfg = Release|Any CPU
		{F05EE5B9-68A6-4884-8D71-489E2EBBEAAC}.Release|Any CPU.Build.0 = Release|Any CPU
		{2020DDB0-45CB-47A9-A9DF-566A0AAE308E}.Debug|Any CPU.ActiveCfg = Debug|Any CPU
		{2020DDB0-45CB-47A9-A9DF-566A0AAE308E}.Debug|Any CPU.Build.0 = Debug|Any CPU
		{2020DDB0-45CB-47A9-A9DF-566A0AAE308E}.Release|Any CPU.ActiveCfg = Release|Any CPU
		{2020DDB0-45CB-47A9-A9DF-566A0AAE308E}.Release|Any CPU.Build.0 = Release|Any CPU
		{257C8DCD-607C-4BB2-948D-5D808523A31F}.Debug|Any CPU.ActiveCfg = Debug|Any CPU
		{257C8DCD-607C-4BB2-948D-5D808523A31F}.Debug|Any CPU.Build.0 = Debug|Any CPU
		{257C8DCD-607C-4BB2-948D-5D808523A31F}.Release|Any CPU.ActiveCfg = Release|Any CPU
		{257C8DCD-607C-4BB2-948D-5D808523A31F}.Release|Any CPU.Build.0 = Release|Any CPU
		{58BCE57F-C2B5-4FD5-B11E-333CF01903CD}.Debug|Any CPU.ActiveCfg = Debug|Any CPU
		{58BCE57F-C2B5-4FD5-B11E-333CF01903CD}.Debug|Any CPU.Build.0 = Debug|Any CPU
		{58BCE57F-C2B5-4FD5-B11E-333CF01903CD}.Release|Any CPU.ActiveCfg = Release|Any CPU
		{58BCE57F-C2B5-4FD5-B11E-333CF01903CD}.Release|Any CPU.Build.0 = Release|Any CPU
	EndGlobalSection
	GlobalSection(SolutionProperties) = preSolution
		HideSolutionNode = FALSE
	EndGlobalSection
	GlobalSection(ExtensibilityGlobals) = postSolution
		SolutionGuid = {112E29DD-CC22-472E-AF3A-558B37FD8EB8}
	EndGlobalSection
EndGlobal
